// !$*UTF8*$!
{
	archiveVersion = 1;
	classes = {
	};
	objectVersion = 55;
	objects = {

/* Begin PBXBuildFile section */
		42504E0D1832BF07B9763F57 /* Pods_BirthdaysTests.framework in Frameworks */ = {isa = PBXBuildFile; fileRef = A9F688213BE840BF7BBAC2F4 /* Pods_BirthdaysTests.framework */; };
		4371D3A5279DC3A6009999FC /* PhotoSignatureView.swift in Sources */ = {isa = PBXBuildFile; fileRef = 4371D3A4279DC3A6009999FC /* PhotoSignatureView.swift */; };
		4371D3A7279DC3D7009999FC /* Colors.swift in Sources */ = {isa = PBXBuildFile; fileRef = 4371D3A6279DC3D7009999FC /* Colors.swift */; };
		4371D3A9279DC607009999FC /* Date+.swift in Sources */ = {isa = PBXBuildFile; fileRef = 4371D3A8279DC607009999FC /* Date+.swift */; };
		4371D3AB279DC754009999FC /* UIView+.swift in Sources */ = {isa = PBXBuildFile; fileRef = 4371D3AA279DC754009999FC /* UIView+.swift */; };
		4371D3B3279DD2AF009999FC /* DetailsPresenter.swift in Sources */ = {isa = PBXBuildFile; fileRef = 4371D3AD279DD2AF009999FC /* DetailsPresenter.swift */; };
		4371D3B4279DD2AF009999FC /* DetailsRouter.swift in Sources */ = {isa = PBXBuildFile; fileRef = 4371D3AE279DD2AF009999FC /* DetailsRouter.swift */; };
		4371D3B5279DD2AF009999FC /* DetailsViewController.swift in Sources */ = {isa = PBXBuildFile; fileRef = 4371D3AF279DD2AF009999FC /* DetailsViewController.swift */; };
		4371D3B6279DD2AF009999FC /* DetailsInteractor.swift in Sources */ = {isa = PBXBuildFile; fileRef = 4371D3B0279DD2AF009999FC /* DetailsInteractor.swift */; };
		4371D3B7279DD2AF009999FC /* DetailsEntity.swift in Sources */ = {isa = PBXBuildFile; fileRef = 4371D3B1279DD2AF009999FC /* DetailsEntity.swift */; };
		4371D3B8279DD2AF009999FC /* DetailsViewController.xib in Resources */ = {isa = PBXBuildFile; fileRef = 4371D3B2279DD2AF009999FC /* DetailsViewController.xib */; };
		4371D3BA279DD2C3009999FC /* DetailsAssembly.swift in Sources */ = {isa = PBXBuildFile; fileRef = 4371D3B9279DD2C3009999FC /* DetailsAssembly.swift */; };
		4371D3BC279DD452009999FC /* BirthdayResponse.swift in Sources */ = {isa = PBXBuildFile; fileRef = 4371D3BB279DD452009999FC /* BirthdayResponse.swift */; };
		43F14AC2279DA1F60029DC8D /* AppDelegate.swift in Sources */ = {isa = PBXBuildFile; fileRef = 43F14AC1279DA1F60029DC8D /* AppDelegate.swift */; };
		43F14ACB279DA1F70029DC8D /* Assets.xcassets in Resources */ = {isa = PBXBuildFile; fileRef = 43F14ACA279DA1F70029DC8D /* Assets.xcassets */; };
		43F14ACE279DA1F70029DC8D /* LaunchScreen.storyboard in Resources */ = {isa = PBXBuildFile; fileRef = 43F14ACC279DA1F70029DC8D /* LaunchScreen.storyboard */; };
		43F14AD9279DA1F70029DC8D /* BirthdaysTests.swift in Sources */ = {isa = PBXBuildFile; fileRef = 43F14AD8279DA1F70029DC8D /* BirthdaysTests.swift */; };
		43F14AE3279DA1F70029DC8D /* BirthdaysUITests.swift in Sources */ = {isa = PBXBuildFile; fileRef = 43F14AE2279DA1F70029DC8D /* BirthdaysUITests.swift */; };
		43F14AE5279DA1F70029DC8D /* BirthdaysUITestsLaunchTests.swift in Sources */ = {isa = PBXBuildFile; fileRef = 43F14AE4279DA1F70029DC8D /* BirthdaysUITestsLaunchTests.swift */; };
		43F14AF4279DA32C0029DC8D /* HomeAssembly.swift in Sources */ = {isa = PBXBuildFile; fileRef = 43F14AF3279DA32C0029DC8D /* HomeAssembly.swift */; };
		43F14AFD279DA3480029DC8D /* HomePresenter.swift in Sources */ = {isa = PBXBuildFile; fileRef = 43F14AF7279DA3480029DC8D /* HomePresenter.swift */; };
		43F14AFE279DA3480029DC8D /* HomeRouter.swift in Sources */ = {isa = PBXBuildFile; fileRef = 43F14AF8279DA3480029DC8D /* HomeRouter.swift */; };
		43F14AFF279DA3480029DC8D /* HomeViewController.swift in Sources */ = {isa = PBXBuildFile; fileRef = 43F14AF9279DA3480029DC8D /* HomeViewController.swift */; };
		43F14B00279DA3480029DC8D /* HomeInteractor.swift in Sources */ = {isa = PBXBuildFile; fileRef = 43F14AFA279DA3480029DC8D /* HomeInteractor.swift */; };
		43F14B01279DA3480029DC8D /* HomeEntity.swift in Sources */ = {isa = PBXBuildFile; fileRef = 43F14AFB279DA3480029DC8D /* HomeEntity.swift */; };
		43F14B02279DA3480029DC8D /* HomeViewController.xib in Resources */ = {isa = PBXBuildFile; fileRef = 43F14AFC279DA3480029DC8D /* HomeViewController.xib */; };
		43F14B05279DA3C60029DC8D /* ViewControllerFactoryAssembly.swift in Sources */ = {isa = PBXBuildFile; fileRef = 43F14B04279DA3C60029DC8D /* ViewControllerFactoryAssembly.swift */; };
		43F14B08279DA3DF0029DC8D /* ViewControllerFactory.swift in Sources */ = {isa = PBXBuildFile; fileRef = 43F14B07279DA3DF0029DC8D /* ViewControllerFactory.swift */; };
		43F14B0C279DA6E10029DC8D /* BirthdayTableViewCell.swift in Sources */ = {isa = PBXBuildFile; fileRef = 43F14B0A279DA6E10029DC8D /* BirthdayTableViewCell.swift */; };
		43F14B0D279DA6E10029DC8D /* BirthdayTableViewCell.xib in Resources */ = {isa = PBXBuildFile; fileRef = 43F14B0B279DA6E10029DC8D /* BirthdayTableViewCell.xib */; };
		43F14B10279DAC1F0029DC8D /* BirthdayService.swift in Sources */ = {isa = PBXBuildFile; fileRef = 43F14B0F279DAC1F0029DC8D /* BirthdayService.swift */; };
		43F14B13279DAC470029DC8D /* APICallable.swift in Sources */ = {isa = PBXBuildFile; fileRef = 43F14B12279DAC470029DC8D /* APICallable.swift */; };
		43F14B16279DAD3A0029DC8D /* NetworkError.swift in Sources */ = {isa = PBXBuildFile; fileRef = 43F14B15279DAD3A0029DC8D /* NetworkError.swift */; };
		43F14B1C279DAF490029DC8D /* DateFormatter+.swift in Sources */ = {isa = PBXBuildFile; fileRef = 43F14B1B279DAF490029DC8D /* DateFormatter+.swift */; };
		43F14B1F279DB22C0029DC8D /* BirthdayServiceAssembly.swift in Sources */ = {isa = PBXBuildFile; fileRef = 43F14B1E279DB22C0029DC8D /* BirthdayServiceAssembly.swift */; };
		88E4BB034E4AF5F07276F9DA /* Pods_Birthdays_BirthdaysUITests.framework in Frameworks */ = {isa = PBXBuildFile; fileRef = DEC6D00030374C38F08A37C5 /* Pods_Birthdays_BirthdaysUITests.framework */; };
		CAF6770581347D92B3145C44 /* Pods_Birthdays.framework in Frameworks */ = {isa = PBXBuildFile; fileRef = 65DCD615B6475EA7DE840180 /* Pods_Birthdays.framework */; };
/* End PBXBuildFile section */

/* Begin PBXContainerItemProxy section */
		43F14AD5279DA1F70029DC8D /* PBXContainerItemProxy */ = {
			isa = PBXContainerItemProxy;
			containerPortal = 43F14AB6279DA1F60029DC8D /* Project object */;
			proxyType = 1;
			remoteGlobalIDString = 43F14ABD279DA1F60029DC8D;
			remoteInfo = Birthdays;
		};
		43F14ADF279DA1F70029DC8D /* PBXContainerItemProxy */ = {
			isa = PBXContainerItemProxy;
			containerPortal = 43F14AB6279DA1F60029DC8D /* Project object */;
			proxyType = 1;
			remoteGlobalIDString = 43F14ABD279DA1F60029DC8D;
			remoteInfo = Birthdays;
		};
/* End PBXContainerItemProxy section */

/* Begin PBXFileReference section */
		00DAF7940C4C84711A70587B /* Pods-Birthdays-BirthdaysUITests.release.xcconfig */ = {isa = PBXFileReference; includeInIndex = 1; lastKnownFileType = text.xcconfig; name = "Pods-Birthdays-BirthdaysUITests.release.xcconfig"; path = "Target Support Files/Pods-Birthdays-BirthdaysUITests/Pods-Birthdays-BirthdaysUITests.release.xcconfig"; sourceTree = "<group>"; };
		0980E6218F2829D56D7CC066 /* Pods-BirthdaysTests.debug.xcconfig */ = {isa = PBXFileReference; includeInIndex = 1; lastKnownFileType = text.xcconfig; name = "Pods-BirthdaysTests.debug.xcconfig"; path = "Target Support Files/Pods-BirthdaysTests/Pods-BirthdaysTests.debug.xcconfig"; sourceTree = "<group>"; };
		32EB9A925593F881241A969B /* Pods-Birthdays-BirthdaysUITests.debug.xcconfig */ = {isa = PBXFileReference; includeInIndex = 1; lastKnownFileType = text.xcconfig; name = "Pods-Birthdays-BirthdaysUITests.debug.xcconfig"; path = "Target Support Files/Pods-Birthdays-BirthdaysUITests/Pods-Birthdays-BirthdaysUITests.debug.xcconfig"; sourceTree = "<group>"; };
		4371D3A4279DC3A6009999FC /* PhotoSignatureView.swift */ = {isa = PBXFileReference; lastKnownFileType = sourcecode.swift; path = PhotoSignatureView.swift; sourceTree = "<group>"; };
		4371D3A6279DC3D7009999FC /* Colors.swift */ = {isa = PBXFileReference; lastKnownFileType = sourcecode.swift; path = Colors.swift; sourceTree = "<group>"; };
		4371D3A8279DC607009999FC /* Date+.swift */ = {isa = PBXFileReference; lastKnownFileType = sourcecode.swift; path = "Date+.swift"; sourceTree = "<group>"; };
		4371D3AA279DC754009999FC /* UIView+.swift */ = {isa = PBXFileReference; lastKnownFileType = sourcecode.swift; path = "UIView+.swift"; sourceTree = "<group>"; };
		4371D3AD279DD2AF009999FC /* DetailsPresenter.swift */ = {isa = PBXFileReference; lastKnownFileType = sourcecode.swift; path = DetailsPresenter.swift; sourceTree = "<group>"; };
		4371D3AE279DD2AF009999FC /* DetailsRouter.swift */ = {isa = PBXFileReference; lastKnownFileType = sourcecode.swift; path = DetailsRouter.swift; sourceTree = "<group>"; };
		4371D3AF279DD2AF009999FC /* DetailsViewController.swift */ = {isa = PBXFileReference; lastKnownFileType = sourcecode.swift; path = DetailsViewController.swift; sourceTree = "<group>"; };
		4371D3B0279DD2AF009999FC /* DetailsInteractor.swift */ = {isa = PBXFileReference; lastKnownFileType = sourcecode.swift; path = DetailsInteractor.swift; sourceTree = "<group>"; };
		4371D3B1279DD2AF009999FC /* DetailsEntity.swift */ = {isa = PBXFileReference; lastKnownFileType = sourcecode.swift; path = DetailsEntity.swift; sourceTree = "<group>"; };
		4371D3B2279DD2AF009999FC /* DetailsViewController.xib */ = {isa = PBXFileReference; lastKnownFileType = file.xib; path = DetailsViewController.xib; sourceTree = "<group>"; };
		4371D3B9279DD2C3009999FC /* DetailsAssembly.swift */ = {isa = PBXFileReference; lastKnownFileType = sourcecode.swift; path = DetailsAssembly.swift; sourceTree = "<group>"; };
		4371D3BB279DD452009999FC /* BirthdayResponse.swift */ = {isa = PBXFileReference; fileEncoding = 4; lastKnownFileType = sourcecode.swift; path = BirthdayResponse.swift; sourceTree = "<group>"; };
		43F14ABE279DA1F60029DC8D /* Birthdays.app */ = {isa = PBXFileReference; explicitFileType = wrapper.application; includeInIndex = 0; path = Birthdays.app; sourceTree = BUILT_PRODUCTS_DIR; };
		43F14AC1279DA1F60029DC8D /* AppDelegate.swift */ = {isa = PBXFileReference; lastKnownFileType = sourcecode.swift; path = AppDelegate.swift; sourceTree = "<group>"; };
		43F14ACA279DA1F70029DC8D /* Assets.xcassets */ = {isa = PBXFileReference; lastKnownFileType = folder.assetcatalog; path = Assets.xcassets; sourceTree = "<group>"; };
		43F14ACD279DA1F70029DC8D /* Base */ = {isa = PBXFileReference; lastKnownFileType = file.storyboard; name = Base; path = Base.lproj/LaunchScreen.storyboard; sourceTree = "<group>"; };
		43F14ACF279DA1F70029DC8D /* Info.plist */ = {isa = PBXFileReference; lastKnownFileType = text.plist.xml; path = Info.plist; sourceTree = "<group>"; };
		43F14AD4279DA1F70029DC8D /* BirthdaysTests.xctest */ = {isa = PBXFileReference; explicitFileType = wrapper.cfbundle; includeInIndex = 0; path = BirthdaysTests.xctest; sourceTree = BUILT_PRODUCTS_DIR; };
		43F14AD8279DA1F70029DC8D /* BirthdaysTests.swift */ = {isa = PBXFileReference; lastKnownFileType = sourcecode.swift; path = BirthdaysTests.swift; sourceTree = "<group>"; };
		43F14ADE279DA1F70029DC8D /* BirthdaysUITests.xctest */ = {isa = PBXFileReference; explicitFileType = wrapper.cfbundle; includeInIndex = 0; path = BirthdaysUITests.xctest; sourceTree = BUILT_PRODUCTS_DIR; };
		43F14AE2279DA1F70029DC8D /* BirthdaysUITests.swift */ = {isa = PBXFileReference; lastKnownFileType = sourcecode.swift; path = BirthdaysUITests.swift; sourceTree = "<group>"; };
		43F14AE4279DA1F70029DC8D /* BirthdaysUITestsLaunchTests.swift */ = {isa = PBXFileReference; lastKnownFileType = sourcecode.swift; path = BirthdaysUITestsLaunchTests.swift; sourceTree = "<group>"; };
		43F14AF3279DA32C0029DC8D /* HomeAssembly.swift */ = {isa = PBXFileReference; lastKnownFileType = sourcecode.swift; path = HomeAssembly.swift; sourceTree = "<group>"; };
		43F14AF7279DA3480029DC8D /* HomePresenter.swift */ = {isa = PBXFileReference; lastKnownFileType = sourcecode.swift; path = HomePresenter.swift; sourceTree = "<group>"; };
		43F14AF8279DA3480029DC8D /* HomeRouter.swift */ = {isa = PBXFileReference; lastKnownFileType = sourcecode.swift; path = HomeRouter.swift; sourceTree = "<group>"; };
		43F14AF9279DA3480029DC8D /* HomeViewController.swift */ = {isa = PBXFileReference; lastKnownFileType = sourcecode.swift; path = HomeViewController.swift; sourceTree = "<group>"; };
		43F14AFA279DA3480029DC8D /* HomeInteractor.swift */ = {isa = PBXFileReference; lastKnownFileType = sourcecode.swift; path = HomeInteractor.swift; sourceTree = "<group>"; };
		43F14AFB279DA3480029DC8D /* HomeEntity.swift */ = {isa = PBXFileReference; lastKnownFileType = sourcecode.swift; path = HomeEntity.swift; sourceTree = "<group>"; };
		43F14AFC279DA3480029DC8D /* HomeViewController.xib */ = {isa = PBXFileReference; lastKnownFileType = file.xib; path = HomeViewController.xib; sourceTree = "<group>"; };
		43F14B04279DA3C60029DC8D /* ViewControllerFactoryAssembly.swift */ = {isa = PBXFileReference; lastKnownFileType = sourcecode.swift; path = ViewControllerFactoryAssembly.swift; sourceTree = "<group>"; };
		43F14B07279DA3DF0029DC8D /* ViewControllerFactory.swift */ = {isa = PBXFileReference; lastKnownFileType = sourcecode.swift; path = ViewControllerFactory.swift; sourceTree = "<group>"; };
		43F14B0A279DA6E10029DC8D /* BirthdayTableViewCell.swift */ = {isa = PBXFileReference; lastKnownFileType = sourcecode.swift; path = BirthdayTableViewCell.swift; sourceTree = "<group>"; };
		43F14B0B279DA6E10029DC8D /* BirthdayTableViewCell.xib */ = {isa = PBXFileReference; lastKnownFileType = file.xib; path = BirthdayTableViewCell.xib; sourceTree = "<group>"; };
		43F14B0F279DAC1F0029DC8D /* BirthdayService.swift */ = {isa = PBXFileReference; lastKnownFileType = sourcecode.swift; path = BirthdayService.swift; sourceTree = "<group>"; };
		43F14B12279DAC470029DC8D /* APICallable.swift */ = {isa = PBXFileReference; lastKnownFileType = sourcecode.swift; path = APICallable.swift; sourceTree = "<group>"; };
		43F14B15279DAD3A0029DC8D /* NetworkError.swift */ = {isa = PBXFileReference; lastKnownFileType = sourcecode.swift; path = NetworkError.swift; sourceTree = "<group>"; };
		43F14B1B279DAF490029DC8D /* DateFormatter+.swift */ = {isa = PBXFileReference; lastKnownFileType = sourcecode.swift; path = "DateFormatter+.swift"; sourceTree = "<group>"; };
		43F14B1E279DB22C0029DC8D /* BirthdayServiceAssembly.swift */ = {isa = PBXFileReference; lastKnownFileType = sourcecode.swift; path = BirthdayServiceAssembly.swift; sourceTree = "<group>"; };
		65DCD615B6475EA7DE840180 /* Pods_Birthdays.framework */ = {isa = PBXFileReference; explicitFileType = wrapper.framework; includeInIndex = 0; path = Pods_Birthdays.framework; sourceTree = BUILT_PRODUCTS_DIR; };
		A536E759BE31CA5DE206E5AE /* Pods-Birthdays.release.xcconfig */ = {isa = PBXFileReference; includeInIndex = 1; lastKnownFileType = text.xcconfig; name = "Pods-Birthdays.release.xcconfig"; path = "Target Support Files/Pods-Birthdays/Pods-Birthdays.release.xcconfig"; sourceTree = "<group>"; };
		A9F688213BE840BF7BBAC2F4 /* Pods_BirthdaysTests.framework */ = {isa = PBXFileReference; explicitFileType = wrapper.framework; includeInIndex = 0; path = Pods_BirthdaysTests.framework; sourceTree = BUILT_PRODUCTS_DIR; };
		D21763319B1A1569647134ED /* Pods-Birthdays.debug.xcconfig */ = {isa = PBXFileReference; includeInIndex = 1; lastKnownFileType = text.xcconfig; name = "Pods-Birthdays.debug.xcconfig"; path = "Target Support Files/Pods-Birthdays/Pods-Birthdays.debug.xcconfig"; sourceTree = "<group>"; };
		DEC6D00030374C38F08A37C5 /* Pods_Birthdays_BirthdaysUITests.framework */ = {isa = PBXFileReference; explicitFileType = wrapper.framework; includeInIndex = 0; path = Pods_Birthdays_BirthdaysUITests.framework; sourceTree = BUILT_PRODUCTS_DIR; };
		E8D251E8BA737949EE31669C /* Pods-BirthdaysTests.release.xcconfig */ = {isa = PBXFileReference; includeInIndex = 1; lastKnownFileType = text.xcconfig; name = "Pods-BirthdaysTests.release.xcconfig"; path = "Target Support Files/Pods-BirthdaysTests/Pods-BirthdaysTests.release.xcconfig"; sourceTree = "<group>"; };
/* End PBXFileReference section */

/* Begin PBXFrameworksBuildPhase section */
		43F14ABB279DA1F60029DC8D /* Frameworks */ = {
			isa = PBXFrameworksBuildPhase;
			buildActionMask = 2147483647;
			files = (
				CAF6770581347D92B3145C44 /* Pods_Birthdays.framework in Frameworks */,
			);
			runOnlyForDeploymentPostprocessing = 0;
		};
		43F14AD1279DA1F70029DC8D /* Frameworks */ = {
			isa = PBXFrameworksBuildPhase;
			buildActionMask = 2147483647;
			files = (
				42504E0D1832BF07B9763F57 /* Pods_BirthdaysTests.framework in Frameworks */,
			);
			runOnlyForDeploymentPostprocessing = 0;
		};
		43F14ADB279DA1F70029DC8D /* Frameworks */ = {
			isa = PBXFrameworksBuildPhase;
			buildActionMask = 2147483647;
			files = (
				88E4BB034E4AF5F07276F9DA /* Pods_Birthdays_BirthdaysUITests.framework in Frameworks */,
			);
			runOnlyForDeploymentPostprocessing = 0;
		};
/* End PBXFrameworksBuildPhase section */

/* Begin PBXGroup section */
		154EF9F41EDE83036B811A67 /* Pods */ = {
			isa = PBXGroup;
			children = (
				D21763319B1A1569647134ED /* Pods-Birthdays.debug.xcconfig */,
				A536E759BE31CA5DE206E5AE /* Pods-Birthdays.release.xcconfig */,
				32EB9A925593F881241A969B /* Pods-Birthdays-BirthdaysUITests.debug.xcconfig */,
				00DAF7940C4C84711A70587B /* Pods-Birthdays-BirthdaysUITests.release.xcconfig */,
				0980E6218F2829D56D7CC066 /* Pods-BirthdaysTests.debug.xcconfig */,
				E8D251E8BA737949EE31669C /* Pods-BirthdaysTests.release.xcconfig */,
			);
			path = Pods;
			sourceTree = "<group>";
		};
		181D84AD20354A4A7E7400A4 /* Frameworks */ = {
			isa = PBXGroup;
			children = (
				65DCD615B6475EA7DE840180 /* Pods_Birthdays.framework */,
				DEC6D00030374C38F08A37C5 /* Pods_Birthdays_BirthdaysUITests.framework */,
				A9F688213BE840BF7BBAC2F4 /* Pods_BirthdaysTests.framework */,
			);
			name = Frameworks;
			sourceTree = "<group>";
		};
		4371D3AC279DD2A0009999FC /* Details */ = {
			isa = PBXGroup;
			children = (
				4371D3AD279DD2AF009999FC /* DetailsPresenter.swift */,
				4371D3AE279DD2AF009999FC /* DetailsRouter.swift */,
				4371D3AF279DD2AF009999FC /* DetailsViewController.swift */,
				4371D3B0279DD2AF009999FC /* DetailsInteractor.swift */,
				4371D3B1279DD2AF009999FC /* DetailsEntity.swift */,
				4371D3B2279DD2AF009999FC /* DetailsViewController.xib */,
			);
			path = Details;
			sourceTree = "<group>";
		};
		43F14AB5279DA1F60029DC8D = {
			isa = PBXGroup;
			children = (
				43F14AC0279DA1F60029DC8D /* Birthdays */,
				43F14AD7279DA1F70029DC8D /* BirthdaysTests */,
				43F14AE1279DA1F70029DC8D /* BirthdaysUITests */,
				43F14ABF279DA1F60029DC8D /* Products */,
				154EF9F41EDE83036B811A67 /* Pods */,
				181D84AD20354A4A7E7400A4 /* Frameworks */,
			);
			sourceTree = "<group>";
		};
		43F14ABF279DA1F60029DC8D /* Products */ = {
			isa = PBXGroup;
			children = (
				43F14ABE279DA1F60029DC8D /* Birthdays.app */,
				43F14AD4279DA1F70029DC8D /* BirthdaysTests.xctest */,
				43F14ADE279DA1F70029DC8D /* BirthdaysUITests.xctest */,
			);
			name = Products;
			sourceTree = "<group>";
		};
		43F14AC0279DA1F60029DC8D /* Birthdays */ = {
			isa = PBXGroup;
			children = (
				43F14B1A279DAF3D0029DC8D /* Extensions */,
				43F14B14279DAD330029DC8D /* Models */,
				43F14B0E279DABF40029DC8D /* Services */,
				43F14B06279DA3D70029DC8D /* Common */,
				43F14AF5279DA3350029DC8D /* Screens */,
				43F14AF1279DA30D0029DC8D /* DI */,
				43F14AC1279DA1F60029DC8D /* AppDelegate.swift */,
				43F14ACA279DA1F70029DC8D /* Assets.xcassets */,
				43F14ACC279DA1F70029DC8D /* LaunchScreen.storyboard */,
				43F14ACF279DA1F70029DC8D /* Info.plist */,
			);
			path = Birthdays;
			sourceTree = "<group>";
		};
		43F14AD7279DA1F70029DC8D /* BirthdaysTests */ = {
			isa = PBXGroup;
			children = (
				43F14AD8279DA1F70029DC8D /* BirthdaysTests.swift */,
			);
			path = BirthdaysTests;
			sourceTree = "<group>";
		};
		43F14AE1279DA1F70029DC8D /* BirthdaysUITests */ = {
			isa = PBXGroup;
			children = (
				43F14AE2279DA1F70029DC8D /* BirthdaysUITests.swift */,
				43F14AE4279DA1F70029DC8D /* BirthdaysUITestsLaunchTests.swift */,
			);
			path = BirthdaysUITests;
			sourceTree = "<group>";
		};
		43F14AF1279DA30D0029DC8D /* DI */ = {
			isa = PBXGroup;
			children = (
				43F14B1D279DB2240029DC8D /* Services */,
				43F14B03279DA3BC0029DC8D /* Common */,
				43F14AF2279DA3130029DC8D /* Screens */,
			);
			path = DI;
			sourceTree = "<group>";
		};
		43F14AF2279DA3130029DC8D /* Screens */ = {
			isa = PBXGroup;
			children = (
				43F14AF3279DA32C0029DC8D /* HomeAssembly.swift */,
				4371D3B9279DD2C3009999FC /* DetailsAssembly.swift */,
			);
			path = Screens;
			sourceTree = "<group>";
		};
		43F14AF5279DA3350029DC8D /* Screens */ = {
			isa = PBXGroup;
			children = (
				4371D3AC279DD2A0009999FC /* Details */,
				43F14AF6279DA33B0029DC8D /* Home */,
			);
			path = Screens;
			sourceTree = "<group>";
		};
		43F14AF6279DA33B0029DC8D /* Home */ = {
			isa = PBXGroup;
			children = (
				43F14B09279DA6C20029DC8D /* Birthday */,
				43F14AFB279DA3480029DC8D /* HomeEntity.swift */,
				43F14AFA279DA3480029DC8D /* HomeInteractor.swift */,
				43F14AF7279DA3480029DC8D /* HomePresenter.swift */,
				43F14AF8279DA3480029DC8D /* HomeRouter.swift */,
				43F14AF9279DA3480029DC8D /* HomeViewController.swift */,
				43F14AFC279DA3480029DC8D /* HomeViewController.xib */,
			);
			path = Home;
			sourceTree = "<group>";
		};
		43F14B03279DA3BC0029DC8D /* Common */ = {
			isa = PBXGroup;
			children = (
				43F14B04279DA3C60029DC8D /* ViewControllerFactoryAssembly.swift */,
			);
			path = Common;
			sourceTree = "<group>";
		};
		43F14B06279DA3D70029DC8D /* Common */ = {
			isa = PBXGroup;
			children = (
				43F14B07279DA3DF0029DC8D /* ViewControllerFactory.swift */,
				4371D3A4279DC3A6009999FC /* PhotoSignatureView.swift */,
				4371D3A6279DC3D7009999FC /* Colors.swift */,
				4371D3A8279DC607009999FC /* Date+.swift */,
				4371D3AA279DC754009999FC /* UIView+.swift */,
			);
			path = Common;
			sourceTree = "<group>";
		};
		43F14B09279DA6C20029DC8D /* Birthday */ = {
			isa = PBXGroup;
			children = (
				43F14B0A279DA6E10029DC8D /* BirthdayTableViewCell.swift */,
				43F14B0B279DA6E10029DC8D /* BirthdayTableViewCell.xib */,
			);
			path = Birthday;
			sourceTree = "<group>";
		};
		43F14B0E279DABF40029DC8D /* Services */ = {
			isa = PBXGroup;
			children = (
				43F14B11279DAC370029DC8D /* API */,
			);
			path = Services;
			sourceTree = "<group>";
		};
		43F14B11279DAC370029DC8D /* API */ = {
			isa = PBXGroup;
			children = (
				43F14B0F279DAC1F0029DC8D /* BirthdayService.swift */,
				43F14B12279DAC470029DC8D /* APICallable.swift */,
			);
			path = API;
			sourceTree = "<group>";
		};
		43F14B14279DAD330029DC8D /* Models */ = {
			isa = PBXGroup;
			children = (
				43F14B17279DAD8A0029DC8D /* API */,
			);
			path = Models;
			sourceTree = "<group>";
		};
		43F14B17279DAD8A0029DC8D /* API */ = {
			isa = PBXGroup;
			children = (
				4371D3BB279DD452009999FC /* BirthdayResponse.swift */,
				43F14B15279DAD3A0029DC8D /* NetworkError.swift */,
			);
			path = API;
			sourceTree = "<group>";
		};
		43F14B1A279DAF3D0029DC8D /* Extensions */ = {
			isa = PBXGroup;
			children = (
				43F14B1B279DAF490029DC8D /* DateFormatter+.swift */,
			);
			path = Extensions;
			sourceTree = "<group>";
		};
		43F14B1D279DB2240029DC8D /* Services */ = {
			isa = PBXGroup;
			children = (
				43F14B1E279DB22C0029DC8D /* BirthdayServiceAssembly.swift */,
			);
			path = Services;
			sourceTree = "<group>";
		};
/* End PBXGroup section */

/* Begin PBXNativeTarget section */
		43F14ABD279DA1F60029DC8D /* Birthdays */ = {
			isa = PBXNativeTarget;
			buildConfigurationList = 43F14AE8279DA1F70029DC8D /* Build configuration list for PBXNativeTarget "Birthdays" */;
			buildPhases = (
				F79F2CDD21E4B011726D9731 /* [CP] Check Pods Manifest.lock */,
				43F14ABA279DA1F60029DC8D /* Sources */,
				43F14ABB279DA1F60029DC8D /* Frameworks */,
				43F14ABC279DA1F60029DC8D /* Resources */,
				30CF816E82FE6DCDFDAA276F /* [CP] Embed Pods Frameworks */,
			);
			buildRules = (
			);
			dependencies = (
			);
			name = Birthdays;
			productName = Birthdays;
			productReference = 43F14ABE279DA1F60029DC8D /* Birthdays.app */;
			productType = "com.apple.product-type.application";
		};
		43F14AD3279DA1F70029DC8D /* BirthdaysTests */ = {
			isa = PBXNativeTarget;
			buildConfigurationList = 43F14AEB279DA1F70029DC8D /* Build configuration list for PBXNativeTarget "BirthdaysTests" */;
			buildPhases = (
				6BFBAE86FFD791FD1FE5014A /* [CP] Check Pods Manifest.lock */,
				43F14AD0279DA1F70029DC8D /* Sources */,
				43F14AD1279DA1F70029DC8D /* Frameworks */,
				43F14AD2279DA1F70029DC8D /* Resources */,
			);
			buildRules = (
			);
			dependencies = (
				43F14AD6279DA1F70029DC8D /* PBXTargetDependency */,
			);
			name = BirthdaysTests;
			productName = BirthdaysTests;
			productReference = 43F14AD4279DA1F70029DC8D /* BirthdaysTests.xctest */;
			productType = "com.apple.product-type.bundle.unit-test";
		};
		43F14ADD279DA1F70029DC8D /* BirthdaysUITests */ = {
			isa = PBXNativeTarget;
			buildConfigurationList = 43F14AEE279DA1F70029DC8D /* Build configuration list for PBXNativeTarget "BirthdaysUITests" */;
			buildPhases = (
				4D10414A08EAB3C272906D15 /* [CP] Check Pods Manifest.lock */,
				43F14ADA279DA1F70029DC8D /* Sources */,
				43F14ADB279DA1F70029DC8D /* Frameworks */,
				43F14ADC279DA1F70029DC8D /* Resources */,
				FAC740856B82A5D6C2AA5EB0 /* [CP] Embed Pods Frameworks */,
			);
			buildRules = (
			);
			dependencies = (
				43F14AE0279DA1F70029DC8D /* PBXTargetDependency */,
			);
			name = BirthdaysUITests;
			productName = BirthdaysUITests;
			productReference = 43F14ADE279DA1F70029DC8D /* BirthdaysUITests.xctest */;
			productType = "com.apple.product-type.bundle.ui-testing";
		};
/* End PBXNativeTarget section */

/* Begin PBXProject section */
		43F14AB6279DA1F60029DC8D /* Project object */ = {
			isa = PBXProject;
			attributes = {
				BuildIndependentTargetsInParallel = 1;
				LastSwiftUpdateCheck = 1320;
				LastUpgradeCheck = 1320;
				TargetAttributes = {
					43F14ABD279DA1F60029DC8D = {
						CreatedOnToolsVersion = 13.2.1;
					};
					43F14AD3279DA1F70029DC8D = {
						CreatedOnToolsVersion = 13.2.1;
						TestTargetID = 43F14ABD279DA1F60029DC8D;
					};
					43F14ADD279DA1F70029DC8D = {
						CreatedOnToolsVersion = 13.2.1;
						TestTargetID = 43F14ABD279DA1F60029DC8D;
					};
				};
			};
			buildConfigurationList = 43F14AB9279DA1F60029DC8D /* Build configuration list for PBXProject "Birthdays" */;
			compatibilityVersion = "Xcode 13.0";
			developmentRegion = en;
			hasScannedForEncodings = 0;
			knownRegions = (
				en,
				Base,
			);
			mainGroup = 43F14AB5279DA1F60029DC8D;
			productRefGroup = 43F14ABF279DA1F60029DC8D /* Products */;
			projectDirPath = "";
			projectRoot = "";
			targets = (
				43F14ABD279DA1F60029DC8D /* Birthdays */,
				43F14AD3279DA1F70029DC8D /* BirthdaysTests */,
				43F14ADD279DA1F70029DC8D /* BirthdaysUITests */,
			);
		};
/* End PBXProject section */

/* Begin PBXResourcesBuildPhase section */
		43F14ABC279DA1F60029DC8D /* Resources */ = {
			isa = PBXResourcesBuildPhase;
			buildActionMask = 2147483647;
			files = (
				43F14B0D279DA6E10029DC8D /* BirthdayTableViewCell.xib in Resources */,
				43F14ACE279DA1F70029DC8D /* LaunchScreen.storyboard in Resources */,
				4371D3B8279DD2AF009999FC /* DetailsViewController.xib in Resources */,
				43F14ACB279DA1F70029DC8D /* Assets.xcassets in Resources */,
				43F14B02279DA3480029DC8D /* HomeViewController.xib in Resources */,
			);
			runOnlyForDeploymentPostprocessing = 0;
		};
		43F14AD2279DA1F70029DC8D /* Resources */ = {
			isa = PBXResourcesBuildPhase;
			buildActionMask = 2147483647;
			files = (
			);
			runOnlyForDeploymentPostprocessing = 0;
		};
		43F14ADC279DA1F70029DC8D /* Resources */ = {
			isa = PBXResourcesBuildPhase;
			buildActionMask = 2147483647;
			files = (
			);
			runOnlyForDeploymentPostprocessing = 0;
		};
/* End PBXResourcesBuildPhase section */

/* Begin PBXShellScriptBuildPhase section */
		30CF816E82FE6DCDFDAA276F /* [CP] Embed Pods Frameworks */ = {
			isa = PBXShellScriptBuildPhase;
			buildActionMask = 2147483647;
			files = (
			);
			inputFileListPaths = (
				"${PODS_ROOT}/Target Support Files/Pods-Birthdays/Pods-Birthdays-frameworks-${CONFIGURATION}-input-files.xcfilelist",
			);
			name = "[CP] Embed Pods Frameworks";
			outputFileListPaths = (
				"${PODS_ROOT}/Target Support Files/Pods-Birthdays/Pods-Birthdays-frameworks-${CONFIGURATION}-output-files.xcfilelist",
			);
			runOnlyForDeploymentPostprocessing = 0;
			shellPath = /bin/sh;
			shellScript = "\"${PODS_ROOT}/Target Support Files/Pods-Birthdays/Pods-Birthdays-frameworks.sh\"\n";
			showEnvVarsInLog = 0;
		};
		4D10414A08EAB3C272906D15 /* [CP] Check Pods Manifest.lock */ = {
			isa = PBXShellScriptBuildPhase;
			buildActionMask = 2147483647;
			files = (
			);
			inputFileListPaths = (
			);
			inputPaths = (
				"${PODS_PODFILE_DIR_PATH}/Podfile.lock",
				"${PODS_ROOT}/Manifest.lock",
			);
			name = "[CP] Check Pods Manifest.lock";
			outputFileListPaths = (
			);
			outputPaths = (
				"$(DERIVED_FILE_DIR)/Pods-Birthdays-BirthdaysUITests-checkManifestLockResult.txt",
			);
			runOnlyForDeploymentPostprocessing = 0;
			shellPath = /bin/sh;
			shellScript = "diff \"${PODS_PODFILE_DIR_PATH}/Podfile.lock\" \"${PODS_ROOT}/Manifest.lock\" > /dev/null\nif [ $? != 0 ] ; then\n    # print error to STDERR\n    echo \"error: The sandbox is not in sync with the Podfile.lock. Run 'pod install' or update your CocoaPods installation.\" >&2\n    exit 1\nfi\n# This output is used by Xcode 'outputs' to avoid re-running this script phase.\necho \"SUCCESS\" > \"${SCRIPT_OUTPUT_FILE_0}\"\n";
			showEnvVarsInLog = 0;
		};
		6BFBAE86FFD791FD1FE5014A /* [CP] Check Pods Manifest.lock */ = {
			isa = PBXShellScriptBuildPhase;
			buildActionMask = 2147483647;
			files = (
			);
			inputFileListPaths = (
			);
			inputPaths = (
				"${PODS_PODFILE_DIR_PATH}/Podfile.lock",
				"${PODS_ROOT}/Manifest.lock",
			);
			name = "[CP] Check Pods Manifest.lock";
			outputFileListPaths = (
			);
			outputPaths = (
				"$(DERIVED_FILE_DIR)/Pods-BirthdaysTests-checkManifestLockResult.txt",
			);
			runOnlyForDeploymentPostprocessing = 0;
			shellPath = /bin/sh;
			shellScript = "diff \"${PODS_PODFILE_DIR_PATH}/Podfile.lock\" \"${PODS_ROOT}/Manifest.lock\" > /dev/null\nif [ $? != 0 ] ; then\n    # print error to STDERR\n    echo \"error: The sandbox is not in sync with the Podfile.lock. Run 'pod install' or update your CocoaPods installation.\" >&2\n    exit 1\nfi\n# This output is used by Xcode 'outputs' to avoid re-running this script phase.\necho \"SUCCESS\" > \"${SCRIPT_OUTPUT_FILE_0}\"\n";
			showEnvVarsInLog = 0;
		};
		F79F2CDD21E4B011726D9731 /* [CP] Check Pods Manifest.lock */ = {
			isa = PBXShellScriptBuildPhase;
			buildActionMask = 2147483647;
			files = (
			);
			inputFileListPaths = (
			);
			inputPaths = (
				"${PODS_PODFILE_DIR_PATH}/Podfile.lock",
				"${PODS_ROOT}/Manifest.lock",
			);
			name = "[CP] Check Pods Manifest.lock";
			outputFileListPaths = (
			);
			outputPaths = (
				"$(DERIVED_FILE_DIR)/Pods-Birthdays-checkManifestLockResult.txt",
			);
			runOnlyForDeploymentPostprocessing = 0;
			shellPath = /bin/sh;
			shellScript = "diff \"${PODS_PODFILE_DIR_PATH}/Podfile.lock\" \"${PODS_ROOT}/Manifest.lock\" > /dev/null\nif [ $? != 0 ] ; then\n    # print error to STDERR\n    echo \"error: The sandbox is not in sync with the Podfile.lock. Run 'pod install' or update your CocoaPods installation.\" >&2\n    exit 1\nfi\n# This output is used by Xcode 'outputs' to avoid re-running this script phase.\necho \"SUCCESS\" > \"${SCRIPT_OUTPUT_FILE_0}\"\n";
			showEnvVarsInLog = 0;
		};
		FAC740856B82A5D6C2AA5EB0 /* [CP] Embed Pods Frameworks */ = {
			isa = PBXShellScriptBuildPhase;
			buildActionMask = 2147483647;
			files = (
			);
			inputFileListPaths = (
				"${PODS_ROOT}/Target Support Files/Pods-Birthdays-BirthdaysUITests/Pods-Birthdays-BirthdaysUITests-frameworks-${CONFIGURATION}-input-files.xcfilelist",
			);
			name = "[CP] Embed Pods Frameworks";
			outputFileListPaths = (
				"${PODS_ROOT}/Target Support Files/Pods-Birthdays-BirthdaysUITests/Pods-Birthdays-BirthdaysUITests-frameworks-${CONFIGURATION}-output-files.xcfilelist",
			);
			runOnlyForDeploymentPostprocessing = 0;
			shellPath = /bin/sh;
			shellScript = "\"${PODS_ROOT}/Target Support Files/Pods-Birthdays-BirthdaysUITests/Pods-Birthdays-BirthdaysUITests-frameworks.sh\"\n";
			showEnvVarsInLog = 0;
		};
/* End PBXShellScriptBuildPhase section */

/* Begin PBXSourcesBuildPhase section */
		43F14ABA279DA1F60029DC8D /* Sources */ = {
			isa = PBXSourcesBuildPhase;
			buildActionMask = 2147483647;
			files = (
				43F14B05279DA3C60029DC8D /* ViewControllerFactoryAssembly.swift in Sources */,
				4371D3B5279DD2AF009999FC /* DetailsViewController.swift in Sources */,
				4371D3A7279DC3D7009999FC /* Colors.swift in Sources */,
				43F14AFE279DA3480029DC8D /* HomeRouter.swift in Sources */,
				43F14B0C279DA6E10029DC8D /* BirthdayTableViewCell.swift in Sources */,
				4371D3AB279DC754009999FC /* UIView+.swift in Sources */,
				43F14AC2279DA1F60029DC8D /* AppDelegate.swift in Sources */,
				43F14B00279DA3480029DC8D /* HomeInteractor.swift in Sources */,
				43F14AF4279DA32C0029DC8D /* HomeAssembly.swift in Sources */,
				4371D3BC279DD452009999FC /* BirthdayResponse.swift in Sources */,
				43F14AFD279DA3480029DC8D /* HomePresenter.swift in Sources */,
				43F14B10279DAC1F0029DC8D /* BirthdayService.swift in Sources */,
				43F14B1F279DB22C0029DC8D /* BirthdayServiceAssembly.swift in Sources */,
				4371D3B4279DD2AF009999FC /* DetailsRouter.swift in Sources */,
				43F14AFF279DA3480029DC8D /* HomeViewController.swift in Sources */,
				43F14B1C279DAF490029DC8D /* DateFormatter+.swift in Sources */,
				4371D3A5279DC3A6009999FC /* PhotoSignatureView.swift in Sources */,
				43F14B01279DA3480029DC8D /* HomeEntity.swift in Sources */,
				43F14B16279DAD3A0029DC8D /* NetworkError.swift in Sources */,
				4371D3BA279DD2C3009999FC /* DetailsAssembly.swift in Sources */,
				4371D3B6279DD2AF009999FC /* DetailsInteractor.swift in Sources */,
				4371D3B3279DD2AF009999FC /* DetailsPresenter.swift in Sources */,
				4371D3A9279DC607009999FC /* Date+.swift in Sources */,
				43F14B13279DAC470029DC8D /* APICallable.swift in Sources */,
				43F14B08279DA3DF0029DC8D /* ViewControllerFactory.swift in Sources */,
				4371D3B7279DD2AF009999FC /* DetailsEntity.swift in Sources */,
			);
			runOnlyForDeploymentPostprocessing = 0;
		};
		43F14AD0279DA1F70029DC8D /* Sources */ = {
			isa = PBXSourcesBuildPhase;
			buildActionMask = 2147483647;
			files = (
				43F14AD9279DA1F70029DC8D /* BirthdaysTests.swift in Sources */,
			);
			runOnlyForDeploymentPostprocessing = 0;
		};
		43F14ADA279DA1F70029DC8D /* Sources */ = {
			isa = PBXSourcesBuildPhase;
			buildActionMask = 2147483647;
			files = (
				43F14AE3279DA1F70029DC8D /* BirthdaysUITests.swift in Sources */,
				43F14AE5279DA1F70029DC8D /* BirthdaysUITestsLaunchTests.swift in Sources */,
			);
			runOnlyForDeploymentPostprocessing = 0;
		};
/* End PBXSourcesBuildPhase section */

/* Begin PBXTargetDependency section */
		43F14AD6279DA1F70029DC8D /* PBXTargetDependency */ = {
			isa = PBXTargetDependency;
			target = 43F14ABD279DA1F60029DC8D /* Birthdays */;
			targetProxy = 43F14AD5279DA1F70029DC8D /* PBXContainerItemProxy */;
		};
		43F14AE0279DA1F70029DC8D /* PBXTargetDependency */ = {
			isa = PBXTargetDependency;
			target = 43F14ABD279DA1F60029DC8D /* Birthdays */;
			targetProxy = 43F14ADF279DA1F70029DC8D /* PBXContainerItemProxy */;
		};
/* End PBXTargetDependency section */

/* Begin PBXVariantGroup section */
		43F14ACC279DA1F70029DC8D /* LaunchScreen.storyboard */ = {
			isa = PBXVariantGroup;
			children = (
				43F14ACD279DA1F70029DC8D /* Base */,
			);
			name = LaunchScreen.storyboard;
			sourceTree = "<group>";
		};
/* End PBXVariantGroup section */

/* Begin XCBuildConfiguration section */
		43F14AE6279DA1F70029DC8D /* Debug */ = {
			isa = XCBuildConfiguration;
			buildSettings = {
				ALWAYS_SEARCH_USER_PATHS = NO;
				CLANG_ANALYZER_NONNULL = YES;
				CLANG_ANALYZER_NUMBER_OBJECT_CONVERSION = YES_AGGRESSIVE;
				CLANG_CXX_LANGUAGE_STANDARD = "gnu++17";
				CLANG_CXX_LIBRARY = "libc++";
				CLANG_ENABLE_MODULES = YES;
				CLANG_ENABLE_OBJC_ARC = YES;
				CLANG_ENABLE_OBJC_WEAK = YES;
				CLANG_WARN_BLOCK_CAPTURE_AUTORELEASING = YES;
				CLANG_WARN_BOOL_CONVERSION = YES;
				CLANG_WARN_COMMA = YES;
				CLANG_WARN_CONSTANT_CONVERSION = YES;
				CLANG_WARN_DEPRECATED_OBJC_IMPLEMENTATIONS = YES;
				CLANG_WARN_DIRECT_OBJC_ISA_USAGE = YES_ERROR;
				CLANG_WARN_DOCUMENTATION_COMMENTS = YES;
				CLANG_WARN_EMPTY_BODY = YES;
				CLANG_WARN_ENUM_CONVERSION = YES;
				CLANG_WARN_INFINITE_RECURSION = YES;
				CLANG_WARN_INT_CONVERSION = YES;
				CLANG_WARN_NON_LITERAL_NULL_CONVERSION = YES;
				CLANG_WARN_OBJC_IMPLICIT_RETAIN_SELF = YES;
				CLANG_WARN_OBJC_LITERAL_CONVERSION = YES;
				CLANG_WARN_OBJC_ROOT_CLASS = YES_ERROR;
				CLANG_WARN_QUOTED_INCLUDE_IN_FRAMEWORK_HEADER = YES;
				CLANG_WARN_RANGE_LOOP_ANALYSIS = YES;
				CLANG_WARN_STRICT_PROTOTYPES = YES;
				CLANG_WARN_SUSPICIOUS_MOVE = YES;
				CLANG_WARN_UNGUARDED_AVAILABILITY = YES_AGGRESSIVE;
				CLANG_WARN_UNREACHABLE_CODE = YES;
				CLANG_WARN__DUPLICATE_METHOD_MATCH = YES;
				COPY_PHASE_STRIP = NO;
				DEBUG_INFORMATION_FORMAT = dwarf;
				ENABLE_STRICT_OBJC_MSGSEND = YES;
				ENABLE_TESTABILITY = YES;
				GCC_C_LANGUAGE_STANDARD = gnu11;
				GCC_DYNAMIC_NO_PIC = NO;
				GCC_NO_COMMON_BLOCKS = YES;
				GCC_OPTIMIZATION_LEVEL = 0;
				GCC_PREPROCESSOR_DEFINITIONS = (
					"DEBUG=1",
					"$(inherited)",
				);
				GCC_WARN_64_TO_32_BIT_CONVERSION = YES;
				GCC_WARN_ABOUT_RETURN_TYPE = YES_ERROR;
				GCC_WARN_UNDECLARED_SELECTOR = YES;
				GCC_WARN_UNINITIALIZED_AUTOS = YES_AGGRESSIVE;
				GCC_WARN_UNUSED_FUNCTION = YES;
				GCC_WARN_UNUSED_VARIABLE = YES;
				IPHONEOS_DEPLOYMENT_TARGET = 15.2;
				MTL_ENABLE_DEBUG_INFO = INCLUDE_SOURCE;
				MTL_FAST_MATH = YES;
				ONLY_ACTIVE_ARCH = YES;
				SDKROOT = iphoneos;
				SWIFT_ACTIVE_COMPILATION_CONDITIONS = DEBUG;
				SWIFT_OPTIMIZATION_LEVEL = "-Onone";
			};
			name = Debug;
		};
		43F14AE7279DA1F70029DC8D /* Release */ = {
			isa = XCBuildConfiguration;
			buildSettings = {
				ALWAYS_SEARCH_USER_PATHS = NO;
				CLANG_ANALYZER_NONNULL = YES;
				CLANG_ANALYZER_NUMBER_OBJECT_CONVERSION = YES_AGGRESSIVE;
				CLANG_CXX_LANGUAGE_STANDARD = "gnu++17";
				CLANG_CXX_LIBRARY = "libc++";
				CLANG_ENABLE_MODULES = YES;
				CLANG_ENABLE_OBJC_ARC = YES;
				CLANG_ENABLE_OBJC_WEAK = YES;
				CLANG_WARN_BLOCK_CAPTURE_AUTORELEASING = YES;
				CLANG_WARN_BOOL_CONVERSION = YES;
				CLANG_WARN_COMMA = YES;
				CLANG_WARN_CONSTANT_CONVERSION = YES;
				CLANG_WARN_DEPRECATED_OBJC_IMPLEMENTATIONS = YES;
				CLANG_WARN_DIRECT_OBJC_ISA_USAGE = YES_ERROR;
				CLANG_WARN_DOCUMENTATION_COMMENTS = YES;
				CLANG_WARN_EMPTY_BODY = YES;
				CLANG_WARN_ENUM_CONVERSION = YES;
				CLANG_WARN_INFINITE_RECURSION = YES;
				CLANG_WARN_INT_CONVERSION = YES;
				CLANG_WARN_NON_LITERAL_NULL_CONVERSION = YES;
				CLANG_WARN_OBJC_IMPLICIT_RETAIN_SELF = YES;
				CLANG_WARN_OBJC_LITERAL_CONVERSION = YES;
				CLANG_WARN_OBJC_ROOT_CLASS = YES_ERROR;
				CLANG_WARN_QUOTED_INCLUDE_IN_FRAMEWORK_HEADER = YES;
				CLANG_WARN_RANGE_LOOP_ANALYSIS = YES;
				CLANG_WARN_STRICT_PROTOTYPES = YES;
				CLANG_WARN_SUSPICIOUS_MOVE = YES;
				CLANG_WARN_UNGUARDED_AVAILABILITY = YES_AGGRESSIVE;
				CLANG_WARN_UNREACHABLE_CODE = YES;
				CLANG_WARN__DUPLICATE_METHOD_MATCH = YES;
				COPY_PHASE_STRIP = NO;
				DEBUG_INFORMATION_FORMAT = "dwarf-with-dsym";
				ENABLE_NS_ASSERTIONS = NO;
				ENABLE_STRICT_OBJC_MSGSEND = YES;
				GCC_C_LANGUAGE_STANDARD = gnu11;
				GCC_NO_COMMON_BLOCKS = YES;
				GCC_WARN_64_TO_32_BIT_CONVERSION = YES;
				GCC_WARN_ABOUT_RETURN_TYPE = YES_ERROR;
				GCC_WARN_UNDECLARED_SELECTOR = YES;
				GCC_WARN_UNINITIALIZED_AUTOS = YES_AGGRESSIVE;
				GCC_WARN_UNUSED_FUNCTION = YES;
				GCC_WARN_UNUSED_VARIABLE = YES;
				IPHONEOS_DEPLOYMENT_TARGET = 15.2;
				MTL_ENABLE_DEBUG_INFO = NO;
				MTL_FAST_MATH = YES;
				SDKROOT = iphoneos;
				SWIFT_COMPILATION_MODE = wholemodule;
				SWIFT_OPTIMIZATION_LEVEL = "-O";
				VALIDATE_PRODUCT = YES;
			};
			name = Release;
		};
		43F14AE9279DA1F70029DC8D /* Debug */ = {
			isa = XCBuildConfiguration;
			baseConfigurationReference = D21763319B1A1569647134ED /* Pods-Birthdays.debug.xcconfig */;
			buildSettings = {
				ASSETCATALOG_COMPILER_APPICON_NAME = AppIcon;
				ASSETCATALOG_COMPILER_GLOBAL_ACCENT_COLOR_NAME = AccentColor;
				CODE_SIGN_STYLE = Automatic;
				CURRENT_PROJECT_VERSION = 1;
				DEVELOPMENT_TEAM = 2L9L899V66;
				GENERATE_INFOPLIST_FILE = YES;
				INFOPLIST_FILE = Birthdays/Info.plist;
				INFOPLIST_KEY_UIApplicationSupportsIndirectInputEvents = YES;
				INFOPLIST_KEY_UILaunchStoryboardName = LaunchScreen;
				INFOPLIST_KEY_UIMainStoryboardFile = "";
				INFOPLIST_KEY_UISupportedInterfaceOrientations_iPad = "UIInterfaceOrientationPortrait UIInterfaceOrientationPortraitUpsideDown UIInterfaceOrientationLandscapeLeft UIInterfaceOrientationLandscapeRight";
				INFOPLIST_KEY_UISupportedInterfaceOrientations_iPhone = "UIInterfaceOrientationPortrait UIInterfaceOrientationLandscapeLeft UIInterfaceOrientationLandscapeRight";
				IPHONEOS_DEPLOYMENT_TARGET = 13.0;
				LD_RUNPATH_SEARCH_PATHS = (
					"$(inherited)",
					"@executable_path/Frameworks",
				);
				MARKETING_VERSION = 1.0;
				PRODUCT_BUNDLE_IDENTIFIER = MEMTARHAN.Birthdays;
				PRODUCT_NAME = "$(TARGET_NAME)";
				SWIFT_EMIT_LOC_STRINGS = YES;
				SWIFT_VERSION = 5.0;
				TARGETED_DEVICE_FAMILY = "1,2";
			};
			name = Debug;
		};
		43F14AEA279DA1F70029DC8D /* Release */ = {
			isa = XCBuildConfiguration;
			baseConfigurationReference = A536E759BE31CA5DE206E5AE /* Pods-Birthdays.release.xcconfig */;
			buildSettings = {
				ASSETCATALOG_COMPILER_APPICON_NAME = AppIcon;
				ASSETCATALOG_COMPILER_GLOBAL_ACCENT_COLOR_NAME = AccentColor;
				CODE_SIGN_STYLE = Automatic;
				CURRENT_PROJECT_VERSION = 1;
				DEVELOPMENT_TEAM = 2L9L899V66;
				GENERATE_INFOPLIST_FILE = YES;
				INFOPLIST_FILE = Birthdays/Info.plist;
				INFOPLIST_KEY_UIApplicationSupportsIndirectInputEvents = YES;
				INFOPLIST_KEY_UILaunchStoryboardName = LaunchScreen;
				INFOPLIST_KEY_UIMainStoryboardFile = "";
				INFOPLIST_KEY_UISupportedInterfaceOrientations_iPad = "UIInterfaceOrientationPortrait UIInterfaceOrientationPortraitUpsideDown UIInterfaceOrientationLandscapeLeft UIInterfaceOrientationLandscapeRight";
				INFOPLIST_KEY_UISupportedInterfaceOrientations_iPhone = "UIInterfaceOrientationPortrait UIInterfaceOrientationLandscapeLeft UIInterfaceOrientationLandscapeRight";
				IPHONEOS_DEPLOYMENT_TARGET = 13.0;
				LD_RUNPATH_SEARCH_PATHS = (
					"$(inherited)",
					"@executable_path/Frameworks",
				);
				MARKETING_VERSION = 1.0;
				PRODUCT_BUNDLE_IDENTIFIER = MEMTARHAN.Birthdays;
				PRODUCT_NAME = "$(TARGET_NAME)";
				SWIFT_EMIT_LOC_STRINGS = YES;
				SWIFT_VERSION = 5.0;
				TARGETED_DEVICE_FAMILY = "1,2";
			};
			name = Release;
		};
		43F14AEC279DA1F70029DC8D /* Debug */ = {
			isa = XCBuildConfiguration;
			baseConfigurationReference = 0980E6218F2829D56D7CC066 /* Pods-BirthdaysTests.debug.xcconfig */;
			buildSettings = {
				ALWAYS_EMBED_SWIFT_STANDARD_LIBRARIES = YES;
				BUNDLE_LOADER = "$(TEST_HOST)";
				CODE_SIGN_STYLE = Automatic;
				CURRENT_PROJECT_VERSION = 1;
				DEVELOPMENT_TEAM = 2L9L899V66;
				GENERATE_INFOPLIST_FILE = YES;
				IPHONEOS_DEPLOYMENT_TARGET = 15.2;
				MARKETING_VERSION = 1.0;
				PRODUCT_BUNDLE_IDENTIFIER = MEMTARHAN.BirthdaysTests;
				PRODUCT_NAME = "$(TARGET_NAME)";
				SWIFT_EMIT_LOC_STRINGS = NO;
				SWIFT_VERSION = 5.0;
				TARGETED_DEVICE_FAMILY = "1,2";
				TEST_HOST = "$(BUILT_PRODUCTS_DIR)/Birthdays.app/Birthdays";
			};
			name = Debug;
		};
		43F14AED279DA1F70029DC8D /* Release */ = {
			isa = XCBuildConfiguration;
			baseConfigurationReference = E8D251E8BA737949EE31669C /* Pods-BirthdaysTests.release.xcconfig */;
			buildSettings = {
				ALWAYS_EMBED_SWIFT_STANDARD_LIBRARIES = YES;
				BUNDLE_LOADER = "$(TEST_HOST)";
				CODE_SIGN_STYLE = Automatic;
				CURRENT_PROJECT_VERSION = 1;
				DEVELOPMENT_TEAM = 2L9L899V66;
				GENERATE_INFOPLIST_FILE = YES;
				IPHONEOS_DEPLOYMENT_TARGET = 15.2;
				MARKETING_VERSION = 1.0;
				PRODUCT_BUNDLE_IDENTIFIER = MEMTARHAN.BirthdaysTests;
				PRODUCT_NAME = "$(TARGET_NAME)";
				SWIFT_EMIT_LOC_STRINGS = NO;
				SWIFT_VERSION = 5.0;
				TARGETED_DEVICE_FAMILY = "1,2";
				TEST_HOST = "$(BUILT_PRODUCTS_DIR)/Birthdays.app/Birthdays";
			};
			name = Release;
		};
		43F14AEF279DA1F70029DC8D /* Debug */ = {
			isa = XCBuildConfiguration;
			baseConfigurationReference = 32EB9A925593F881241A969B /* Pods-Birthdays-BirthdaysUITests.debug.xcconfig */;
			buildSettings = {
				ALWAYS_EMBED_SWIFT_STANDARD_LIBRARIES = YES;
				CODE_SIGN_STYLE = Automatic;
				CURRENT_PROJECT_VERSION = 1;
				DEVELOPMENT_TEAM = 2L9L899V66;
				GENERATE_INFOPLIST_FILE = YES;
				MARKETING_VERSION = 1.0;
				PRODUCT_BUNDLE_IDENTIFIER = MEMTARHAN.BirthdaysUITests;
				PRODUCT_NAME = "$(TARGET_NAME)";
				SWIFT_EMIT_LOC_STRINGS = NO;
				SWIFT_VERSION = 5.0;
				TARGETED_DEVICE_FAMILY = "1,2";
				TEST_TARGET_NAME = Birthdays;
			};
			name = Debug;
		};
		43F14AF0279DA1F70029DC8D /* Release */ = {
			isa = XCBuildConfiguration;
			baseConfigurationReference = 00DAF7940C4C84711A70587B /* Pods-Birthdays-BirthdaysUITests.release.xcconfig */;
			buildSettings = {
				ALWAYS_EMBED_SWIFT_STANDARD_LIBRARIES = YES;
				CODE_SIGN_STYLE = Automatic;
				CURRENT_PROJECT_VERSION = 1;
				DEVELOPMENT_TEAM = 2L9L899V66;
				GENERATE_INFOPLIST_FILE = YES;
				MARKETING_VERSION = 1.0;
				PRODUCT_BUNDLE_IDENTIFIER = MEMTARHAN.BirthdaysUITests;
				PRODUCT_NAME = "$(TARGET_NAME)";
				SWIFT_EMIT_LOC_STRINGS = NO;
				SWIFT_VERSION = 5.0;
				TARGETED_DEVICE_FAMILY = "1,2";
				TEST_TARGET_NAME = Birthdays;
			};
			name = Release;
		};
/* End XCBuildConfiguration section */

/* Begin XCConfigurationList section */
		43F14AB9279DA1F60029DC8D /* Build configuration list for PBXProject "Birthdays" */ = {
			isa = XCConfigurationList;
			buildConfigurations = (
				43F14AE6279DA1F70029DC8D /* Debug */,
				43F14AE7279DA1F70029DC8D /* Release */,
			);
			defaultConfigurationIsVisible = 0;
			defaultConfigurationName = Release;
		};
		43F14AE8279DA1F70029DC8D /* Build configuration list for PBXNativeTarget "Birthdays" */ = {
			isa = XCConfigurationList;
			buildConfigurations = (
				43F14AE9279DA1F70029DC8D /* Debug */,
				43F14AEA279DA1F70029DC8D /* Release */,
			);
			defaultConfigurationIsVisible = 0;
			defaultConfigurationName = Release;
		};
		43F14AEB279DA1F70029DC8D /* Build configuration list for PBXNativeTarget "BirthdaysTests" */ = {
			isa = XCConfigurationList;
			buildConfigurations = (
				43F14AEC279DA1F70029DC8D /* Debug */,
				43F14AED279DA1F70029DC8D /* Release */,
			);
			defaultConfigurationIsVisible = 0;
			defaultConfigurationName = Release;
		};
		43F14AEE279DA1F70029DC8D /* Build configuration list for PBXNativeTarget "BirthdaysUITests" */ = {
			isa = XCConfigurationList;
			buildConfigurations = (
				43F14AEF279DA1F70029DC8D /* Debug */,
				43F14AF0279DA1F70029DC8D /* Release */,
			);
			defaultConfigurationIsVisible = 0;
			defaultConfigurationName = Release;
		};
/* End XCConfigurationList section */
	};
	rootObject = 43F14AB6279DA1F60029DC8D /* Project object */;
}
